
Microsoft Visual Studio Solution File, Format Version 12.00
# Visual Studio Version 16
VisualStudioVersion = 16.0.31515.178
MinimumVisualStudioVersion = 10.0.40219.1
Project("{FAE04EC0-301F-11D3-BF4B-00C04F79EFBC}") = "SimpleFactory", "SimpleFactory\SimpleFactory.csproj", "{C506D5F4-2E53-47FD-89E8-A966618540A5}"
EndProject
Global
	GlobalSection(SolutionConfigurationPlatforms) = preSolution
		Debug|Any CPU = Debug|Any CPU
		Release|Any CPU = Release|Any CPU
	EndGlobalSection
	GlobalSection(ProjectConfigurationPlatforms) = postSolution
		{C506D5F4-2E53-47FD-89E8-A966618540A5}.Debug|Any CPU.ActiveCfg = Debug|Any CPU
		{C506D5F4-2E53-47FD-89E8-A966618540A5}.Debug|Any CPU.Build.0 = Debug|Any CPU
		{C506D5F4-2E53-47FD-89E8-A966618540A5}.Release|Any CPU.ActiveCfg = Release|Any CPU
		{C506D5F4-2E53-47FD-89E8-A966618540A5}.Release|Any CPU.Build.0 = Release|Any CPU
	EndGlobalSection
	GlobalSection(SolutionProperties) = preSolution
		HideSolutionNode = FALSE
	EndGlobalSection
	GlobalSection(ExtensibilityGlobals) = postSolution
		SolutionGuid = {72165E92-CFCE-4049-8FC4-FA13587C30F3}
	EndGlobalSection
EndGlobal
